{
  "name": "geochatt",
  "version": "0.0.1",
  "lockfileVersion": 3,
  "requires": true,
  "packages": {
    "": {
      "name": "geochatt",
      "version": "0.0.1",
      "license": "CC0-1.0",
      "dependencies": {
        "@turf/buffer": "^7.2.0",
        "@turf/geojson-rbush": "^7.2.0",
        "@turf/point-to-polygon-distance": "^7.2.0"
      },
      "devDependencies": {
        "flug": "^2.8.2"
      }
    },
    "node_modules/@turf/bbox": {
      "version": "7.2.0",
      "resolved": "https://registry.npmjs.org/@turf/bbox/-/bbox-7.2.0.tgz",
      "integrity": "sha512-wzHEjCXlYZiDludDbXkpBSmv8Zu6tPGLmJ1sXQ6qDwpLE1Ew3mcWqt8AaxfTP5QwDNQa3sf2vvgTEzNbPQkCiA==",
      "dependencies": {
        "@turf/helpers": "^7.2.0",
        "@turf/meta": "^7.2.0",
        "@types/geojson": "^7946.0.10",
        "tslib": "^2.8.1"
      },
      "funding": {
        "url": "https://opencollective.com/turf"
      }
    },
    "node_modules/@turf/bearing": {
      "version": "7.2.0",
      "resolved": "https://registry.npmjs.org/@turf/bearing/-/bearing-7.2.0.tgz",
      "integrity": "sha512-Jm0Xt3GgHjRrWvBtAGvgfnADLm+4exud2pRlmCYx8zfiKuNXQFkrcTZcOiJOgTfG20Agq28iSh15uta47jSIbg==",
      "dependencies": {
        "@turf/helpers": "^7.2.0",
        "@turf/invariant": "^7.2.0",
        "@types/geojson": "^7946.0.10",
        "tslib": "^2.8.1"
      },
      "funding": {
        "url": "https://opencollective.com/turf"
      }
    },
    "node_modules/@turf/boolean-point-in-polygon": {
      "version": "7.2.0",
      "resolved": "https://registry.npmjs.org/@turf/boolean-point-in-polygon/-/boolean-point-in-polygon-7.2.0.tgz",
      "integrity": "sha512-lvEOjxeXIp+wPXgl9kJA97dqzMfNexjqHou+XHVcfxQgolctoJiRYmcVCWGpiZ9CBf/CJha1KmD1qQoRIsjLaA==",
      "dependencies": {
        "@turf/helpers": "^7.2.0",
        "@turf/invariant": "^7.2.0",
        "@types/geojson": "^7946.0.10",
        "point-in-polygon-hao": "^1.1.0",
        "tslib": "^2.8.1"
      },
      "funding": {
        "url": "https://opencollective.com/turf"
      }
    },
    "node_modules/@turf/buffer": {
      "version": "7.2.0",
      "resolved": "https://registry.npmjs.org/@turf/buffer/-/buffer-7.2.0.tgz",
      "integrity": "sha512-QH1FTr5Mk4z1kpQNztMD8XBOZfpOXPOtlsxaSAj2kDIf5+LquA6HtJjZrjUngnGtzG5+XwcfyRL4ImvLnFjm5Q==",
      "dependencies": {
        "@turf/bbox": "^7.2.0",
        "@turf/center": "^7.2.0",
        "@turf/helpers": "^7.2.0",
        "@turf/jsts": "^2.7.1",
        "@turf/meta": "^7.2.0",
        "@turf/projection": "^7.2.0",
        "@types/geojson": "^7946.0.10",
        "d3-geo": "1.7.1"
      },
      "funding": {
        "url": "https://opencollective.com/turf"
      }
    },
    "node_modules/@turf/center": {
      "version": "7.2.0",
      "resolved": "https://registry.npmjs.org/@turf/center/-/center-7.2.0.tgz",
      "integrity": "sha512-UTNp9abQ2kuyRg5gCIGDNwwEQeF3NbpYsd1Q0KW9lwWuzbLVNn0sOwbxjpNF4J2HtMOs5YVOcqNvYyuoa2XrXw==",
      "dependencies": {
        "@turf/bbox": "^7.2.0",
        "@turf/helpers": "^7.2.0",
        "@types/geojson": "^7946.0.10",
        "tslib": "^2.8.1"
      },
      "funding": {
        "url": "https://opencollective.com/turf"
      }
    },
    "node_modules/@turf/clone": {
      "version": "7.2.0",
      "resolved": "https://registry.npmjs.org/@turf/clone/-/clone-7.2.0.tgz",
      "integrity": "sha512-JlGUT+/5qoU5jqZmf6NMFIoLDY3O7jKd53Up+zbpJ2vzUp6QdwdNzwrsCeONhynWM13F0MVtPXH4AtdkrgFk4g==",
      "dependencies": {
        "@turf/helpers": "^7.2.0",
        "@types/geojson": "^7946.0.10",
        "tslib": "^2.8.1"
      },
      "funding": {
        "url": "https://opencollective.com/turf"
      }
    },
    "node_modules/@turf/distance": {
      "version": "7.2.0",
      "resolved": "https://registry.npmjs.org/@turf/distance/-/distance-7.2.0.tgz",
      "integrity": "sha512-HBjjXIgEcD/wJYjv7/6OZj5yoky2oUvTtVeIAqO3lL80XRvoYmVg6vkOIu6NswkerwLDDNT9kl7+BFLJoHbh6Q==",
      "dependencies": {
        "@turf/helpers": "^7.2.0",
        "@turf/invariant": "^7.2.0",
        "@types/geojson": "^7946.0.10",
        "tslib": "^2.8.1"
      },
      "funding": {
        "url": "https://opencollective.com/turf"
      }
    },
    "node_modules/@turf/geojson-rbush": {
      "version": "7.2.0",
      "resolved": "https://registry.npmjs.org/@turf/geojson-rbush/-/geojson-rbush-7.2.0.tgz",
      "integrity": "sha512-ST8fLv+EwxVkDgsmhHggM0sPk2SfOHTZJkdgMXVFT7gB9o4lF8qk4y4lwvCCGIfFQAp2yv/PN5EaGMEKutk6xw==",
      "dependencies": {
        "@turf/bbox": "^7.2.0",
        "@turf/helpers": "^7.2.0",
        "@turf/meta": "^7.2.0",
        "@types/geojson": "^7946.0.10",
        "rbush": "^3.0.1"
      },
      "funding": {
        "url": "https://opencollective.com/turf"
      }
    },
    "node_modules/@turf/helpers": {
      "version": "7.2.0",
      "resolved": "https://registry.npmjs.org/@turf/helpers/-/helpers-7.2.0.tgz",
      "integrity": "sha512-cXo7bKNZoa7aC7ydLmUR02oB3IgDe7MxiPuRz3cCtYQHn+BJ6h1tihmamYDWWUlPHgSNF0i3ATc4WmDECZafKw==",
      "dependencies": {
        "@types/geojson": "^7946.0.10",
        "tslib": "^2.8.1"
      },
      "funding": {
        "url": "https://opencollective.com/turf"
      }
    },
    "node_modules/@turf/invariant": {
      "version": "7.2.0",
      "resolved": "https://registry.npmjs.org/@turf/invariant/-/invariant-7.2.0.tgz",
      "integrity": "sha512-kV4u8e7Gkpq+kPbAKNC21CmyrXzlbBgFjO1PhrHPgEdNqXqDawoZ3i6ivE3ULJj2rSesCjduUaC/wyvH/sNr2Q==",
      "dependencies": {
        "@turf/helpers": "^7.2.0",
        "@types/geojson": "^7946.0.10",
        "tslib": "^2.8.1"
      },
      "funding": {
        "url": "https://opencollective.com/turf"
      }
    },
    "node_modules/@turf/jsts": {
      "version": "2.7.2",
      "resolved": "https://registry.npmjs.org/@turf/jsts/-/jsts-2.7.2.tgz",
      "integrity": "sha512-zAezGlwWHPyU0zxwcX2wQY3RkRpwuoBmhhNE9HY9kWhFDkCxZ3aWK5URKwa/SWKJbj9aztO+8vtdiBA28KVJFg==",
      "dependencies": {
        "jsts": "2.7.1"
      }
    },
    "node_modules/@turf/meta": {
      "version": "7.2.0",
      "resolved": "https://registry.npmjs.org/@turf/meta/-/meta-7.2.0.tgz",
      "integrity": "sha512-igzTdHsQc8TV1RhPuOLVo74Px/hyPrVgVOTgjWQZzt3J9BVseCdpfY/0cJBdlSRI4S/yTmmHl7gAqjhpYH5Yaw==",
      "dependencies": {
        "@turf/helpers": "^7.2.0",
        "@types/geojson": "^7946.0.10"
      },
      "funding": {
        "url": "https://opencollective.com/turf"
      }
    },
    "node_modules/@turf/nearest-point-on-line": {
      "version": "7.2.0",
      "resolved": "https://registry.npmjs.org/@turf/nearest-point-on-line/-/nearest-point-on-line-7.2.0.tgz",
      "integrity": "sha512-UOhAeoDPVewBQV+PWg1YTMQcYpJsIqfW5+EuZ5vJl60XwUa0+kqB/eVfSLNXmHENjKKIlEt9Oy9HIDF4VeWmXA==",
      "dependencies": {
        "@turf/distance": "^7.2.0",
        "@turf/helpers": "^7.2.0",
        "@turf/invariant": "^7.2.0",
        "@turf/meta": "^7.2.0",
        "@types/geojson": "^7946.0.10",
        "tslib": "^2.8.1"
      },
      "funding": {
        "url": "https://opencollective.com/turf"
      }
    },
    "node_modules/@turf/point-to-line-distance": {
      "version": "7.2.0",
      "resolved": "https://registry.npmjs.org/@turf/point-to-line-distance/-/point-to-line-distance-7.2.0.tgz",
      "integrity": "sha512-fB9Rdnb5w5+t76Gho2dYDkGe20eRrFk8CXi4v1+l1PC8YyLXO+x+l3TrtT8HzL/dVaZeepO6WUIsIw3ditTOPg==",
      "dependencies": {
        "@turf/bearing": "^7.2.0",
        "@turf/distance": "^7.2.0",
        "@turf/helpers": "^7.2.0",
        "@turf/invariant": "^7.2.0",
        "@turf/meta": "^7.2.0",
        "@turf/nearest-point-on-line": "^7.2.0",
        "@turf/projection": "^7.2.0",
        "@turf/rhumb-bearing": "^7.2.0",
        "@turf/rhumb-distance": "^7.2.0",
        "@types/geojson": "^7946.0.10",
        "tslib": "^2.8.1"
      },
      "funding": {
        "url": "https://opencollective.com/turf"
      }
    },
    "node_modules/@turf/point-to-polygon-distance": {
      "version": "7.2.0",
      "resolved": "https://registry.npmjs.org/@turf/point-to-polygon-distance/-/point-to-polygon-distance-7.2.0.tgz",
      "integrity": "sha512-w+WYuINgTiFjoZemQwOaQSje/8Kq+uqJOynvx7+gleQPHyWQ3VtTodtV4LwzVzXz8Sf7Mngx1Jcp2SNai5CJYA==",
      "dependencies": {
        "@turf/boolean-point-in-polygon": "^7.2.0",
        "@turf/helpers": "^7.2.0",
        "@turf/invariant": "^7.2.0",
        "@turf/meta": "^7.2.0",
        "@turf/point-to-line-distance": "^7.2.0",
        "@turf/polygon-to-line": "^7.2.0",
        "@types/geojson": "^7946.0.10",
        "tslib": "^2.8.1"
      },
      "funding": {
        "url": "https://opencollective.com/turf"
      }
    },
    "node_modules/@turf/polygon-to-line": {
      "version": "7.2.0",
      "resolved": "https://registry.npmjs.org/@turf/polygon-to-line/-/polygon-to-line-7.2.0.tgz",
      "integrity": "sha512-9jeTN3LiJ933I5sd4K0kwkcivOYXXm1emk0dHorwXeSFSHF+nlYesEW3Hd889wb9lZd7/SVLMUeX/h39mX+vCA==",
      "dependencies": {
        "@turf/helpers": "^7.2.0",
        "@turf/invariant": "^7.2.0",
        "@types/geojson": "^7946.0.10",
        "tslib": "^2.8.1"
      },
      "funding": {
        "url": "https://opencollective.com/turf"
      }
    },
    "node_modules/@turf/projection": {
      "version": "7.2.0",
      "resolved": "https://registry.npmjs.org/@turf/projection/-/projection-7.2.0.tgz",
      "integrity": "sha512-/qke5vJScv8Mu7a+fU3RSChBRijE6EVuFHU3RYihMuYm04Vw8dBMIs0enEpoq0ke/IjSbleIrGQNZIMRX9EwZQ==",
      "dependencies": {
        "@turf/clone": "^7.2.0",
        "@turf/helpers": "^7.2.0",
        "@turf/meta": "^7.2.0",
        "@types/geojson": "^7946.0.10",
        "tslib": "^2.8.1"
      },
      "funding": {
        "url": "https://opencollective.com/turf"
      }
    },
    "node_modules/@turf/rhumb-bearing": {
      "version": "7.2.0",
      "resolved": "https://registry.npmjs.org/@turf/rhumb-bearing/-/rhumb-bearing-7.2.0.tgz",
      "integrity": "sha512-jbdexlrR8X2ZauUciHx3tRwG+BXoMXke4B8p8/IgDlAfIrVdzAxSQN89FMzIKnjJ/kdLjo9bFGvb92bu31Etug==",
      "dependencies": {
        "@turf/helpers": "^7.2.0",
        "@turf/invariant": "^7.2.0",
        "@types/geojson": "^7946.0.10",
        "tslib": "^2.8.1"
      },
      "funding": {
        "url": "https://opencollective.com/turf"
      }
    },
    "node_modules/@turf/rhumb-distance": {
      "version": "7.2.0",
      "resolved": "https://registry.npmjs.org/@turf/rhumb-distance/-/rhumb-distance-7.2.0.tgz",
      "integrity": "sha512-NsijTPON1yOc9tirRPEQQuJ5aQi7pREsqchQquaYKbHNWsexZjcDi4wnw2kM3Si4XjmgynT+2f7aXH7FHarHzw==",
      "dependencies": {
        "@turf/helpers": "^7.2.0",
        "@turf/invariant": "^7.2.0",
        "@types/geojson": "^7946.0.10",
        "tslib": "^2.8.1"
      },
      "funding": {
        "url": "https://opencollective.com/turf"
      }
    },
    "node_modules/@types/geojson": {
      "version": "7946.0.16",
      "resolved": "https://registry.npmjs.org/@types/geojson/-/geojson-7946.0.16.tgz",
      "integrity": "sha512-6C8nqWur3j98U6+lXDfTUWIfgvZU+EumvpHKcYjujKH7woYyLj2sUmff0tRhrqM7BohUw7Pz3ZB1jj2gW9Fvmg=="
    },
    "node_modules/d3-array": {
      "version": "1.2.4",
      "resolved": "https://registry.npmjs.org/d3-array/-/d3-array-1.2.4.tgz",
      "integrity": "sha512-KHW6M86R+FUPYGb3R5XiYjXPq7VzwxZ22buHhAEVG5ztoEcZZMLov530mmccaqA1GghZArjQV46fuc8kUqhhHw=="
    },
    "node_modules/d3-geo": {
      "version": "1.7.1",
      "resolved": "https://registry.npmjs.org/d3-geo/-/d3-geo-1.7.1.tgz",
      "integrity": "sha512-O4AempWAr+P5qbk2bC2FuN/sDW4z+dN2wDf9QV3bxQt4M5HfOEeXLgJ/UKQW0+o1Dj8BE+L5kiDbdWUMjsmQpw==",
      "dependencies": {
        "d3-array": "1"
      }
    },
    "node_modules/flug": {
      "version": "2.8.2",
      "resolved": "https://registry.npmjs.org/flug/-/flug-2.8.2.tgz",
      "integrity": "sha512-gcHv/Obq8G4IZhGXx3iZyyMJRd57kwBRb3v0q0aVJQCfcF4mTtR/yyzc88S4GdwcGFUpMbqZjUpfYgrBwpAyRg==",
      "dev": true
    },
    "node_modules/jsts": {
      "version": "2.7.1",
      "resolved": "https://registry.npmjs.org/jsts/-/jsts-2.7.1.tgz",
      "integrity": "sha512-x2wSZHEBK20CY+Wy+BPE7MrFQHW6sIsdaGUMEqmGAio+3gFzQaBYPwLRonUfQf9Ak8pBieqj9tUofX1+WtAEIg==",
      "engines": {
        "node": ">= 12"
      }
    },
    "node_modules/point-in-polygon-hao": {
      "version": "1.2.4",
      "resolved": "https://registry.npmjs.org/point-in-polygon-hao/-/point-in-polygon-hao-1.2.4.tgz",
      "integrity": "sha512-x2pcvXeqhRHlNRdhLs/tgFapAbSSe86wa/eqmj1G6pWftbEs5aVRJhRGM6FYSUERKu0PjekJzMq0gsI2XyiclQ==",
      "dependencies": {
        "robust-predicates": "^3.0.2"
      }
    },
    "node_modules/quickselect": {
      "version": "2.0.0",
      "resolved": "https://registry.npmjs.org/quickselect/-/quickselect-2.0.0.tgz",
      "integrity": "sha512-RKJ22hX8mHe3Y6wH/N3wCM6BWtjaxIyyUIkpHOvfFnxdI4yD4tBXEBKSbriGujF6jnSVkJrffuo6vxACiSSxIw=="
    },
    "node_modules/rbush": {
      "version": "3.0.1",
      "resolved": "https://registry.npmjs.org/rbush/-/rbush-3.0.1.tgz",
      "integrity": "sha512-XRaVO0YecOpEuIvbhbpTrZgoiI6xBlz6hnlr6EHhd+0x9ase6EmeN+hdwwUaJvLcsFFQ8iWVF1GAK1yB0BWi0w==",
      "dependencies": {
        "quickselect": "^2.0.0"
      }
    },
    "node_modules/robust-predicates": {
      "version": "3.0.2",
      "resolved": "https://registry.npmjs.org/robust-predicates/-/robust-predicates-3.0.2.tgz",
      "integrity": "sha512-IXgzBWvWQwE6PrDI05OvmXUIruQTcoMDzRsOd5CDvHCVLcLHMTSYvOK5Cm46kWqlV3yAbuSpBZdJ5oP5OUoStg=="
    },
    "node_modules/tslib": {
      "version": "2.8.1",
      "resolved": "https://registry.npmjs.org/tslib/-/tslib-2.8.1.tgz",
      "integrity": "sha512-oJFu94HQb+KVduSUQL7wnpmqnfmLsOA/nAh6b6EH0wCEoK0/mPeXU6c3wKDV83MkOuHPRHtSXKKU99IBazS/2w=="
    }
  }
}
